
Microsoft Visual Studio Solution File, Format Version 12.00
# Visual Studio Version 17
VisualStudioVersion = 17.0.31903.59
MinimumVisualStudioVersion = 10.0.40219.1
Project("{2150E333-8FDC-42A3-9474-1A3956D46DE8}") = "Client", "Client", "{D1A3E51C-AA5D-445B-AECD-9E4A0E4C4C39}"
EndProject
Project("{2150E333-8FDC-42A3-9474-1A3956D46DE8}") = "Server", "Server", "{6BF3B835-3DF0-4FA1-8805-EFD596209002}"
EndProject
Project("{2150E333-8FDC-42A3-9474-1A3956D46DE8}") = "Shared", "Shared", "{986E3520-37B7-4240-8764-1CFBD04C763F}"
EndProject
Project("{FAE04EC0-301F-11D3-BF4B-00C04F79EFBC}") = "Smart.Home.Server", "Smart.Home.Server\Smart.Home.Server.csproj", "{E16E382A-2F92-4363-99E9-4A7044D254FA}"
EndProject
Project("{FAE04EC0-301F-11D3-BF4B-00C04F79EFBC}") = "Smart.Home.Client", "Smart.Home.Client\Smart.Home.Client.csproj", "{195E6503-E388-4C8A-805E-F2F4E7D2B284}"
EndProject
Project("{FAE04EC0-301F-11D3-BF4B-00C04F79EFBC}") = "Smart.Home.Shared", "Smart.Home.Shared\Smart.Home.Shared.csproj", "{E7C91673-2FB0-4E20-8CA4-4C2BF0908D90}"
EndProject
Global
	GlobalSection(SolutionConfigurationPlatforms) = preSolution
		Debug|Any CPU = Debug|Any CPU
		Release|Any CPU = Release|Any CPU
	EndGlobalSection
	GlobalSection(ProjectConfigurationPlatforms) = postSolution
		{E16E382A-2F92-4363-99E9-4A7044D254FA}.Debug|Any CPU.ActiveCfg = Debug|Any CPU
		{E16E382A-2F92-4363-99E9-4A7044D254FA}.Debug|Any CPU.Build.0 = Debug|Any CPU
		{E16E382A-2F92-4363-99E9-4A7044D254FA}.Release|Any CPU.ActiveCfg = Release|Any CPU
		{E16E382A-2F92-4363-99E9-4A7044D254FA}.Release|Any CPU.Build.0 = Release|Any CPU
		{195E6503-E388-4C8A-805E-F2F4E7D2B284}.Debug|Any CPU.ActiveCfg = Debug|Any CPU
		{195E6503-E388-4C8A-805E-F2F4E7D2B284}.Debug|Any CPU.Build.0 = Debug|Any CPU
		{195E6503-E388-4C8A-805E-F2F4E7D2B284}.Debug|Any CPU.Deploy.0 = Debug|Any CPU
		{195E6503-E388-4C8A-805E-F2F4E7D2B284}.Release|Any CPU.ActiveCfg = Release|Any CPU
		{195E6503-E388-4C8A-805E-F2F4E7D2B284}.Release|Any CPU.Build.0 = Release|Any CPU
		{195E6503-E388-4C8A-805E-F2F4E7D2B284}.Release|Any CPU.Deploy.0 = Release|Any CPU
		{E7C91673-2FB0-4E20-8CA4-4C2BF0908D90}.Debug|Any CPU.ActiveCfg = Debug|Any CPU
		{E7C91673-2FB0-4E20-8CA4-4C2BF0908D90}.Debug|Any CPU.Build.0 = Debug|Any CPU
		{E7C91673-2FB0-4E20-8CA4-4C2BF0908D90}.Release|Any CPU.ActiveCfg = Release|Any CPU
		{E7C91673-2FB0-4E20-8CA4-4C2BF0908D90}.Release|Any CPU.Build.0 = Release|Any CPU
	EndGlobalSection
	GlobalSection(SolutionProperties) = preSolution
		HideSolutionNode = FALSE
	EndGlobalSection
	GlobalSection(NestedProjects) = preSolution
		{E16E382A-2F92-4363-99E9-4A7044D254FA} = {6BF3B835-3DF0-4FA1-8805-EFD596209002}
		{195E6503-E388-4C8A-805E-F2F4E7D2B284} = {D1A3E51C-AA5D-445B-AECD-9E4A0E4C4C39}
		{E7C91673-2FB0-4E20-8CA4-4C2BF0908D90} = {986E3520-37B7-4240-8764-1CFBD04C763F}
	EndGlobalSection
	GlobalSection(ExtensibilityGlobals) = postSolution
		SolutionGuid = {69B850F4-B85E-4D78-993E-6E390FDF1C9D}
	EndGlobalSection
EndGlobal
